
Microsoft Visual Studio Solution File, Format Version 12.00
# Visual Studio Version 17
VisualStudioVersion = 17.11.35327.3
MinimumVisualStudioVersion = 10.0.40219.1
Project("{FAE04EC0-301F-11D3-BF4B-00C04F79EFBC}") = "BaseLibrary", "BaseLibrary\BaseLibrary.csproj", "{B5906315-7AB7-4B21-83D4-5FD652129483}"
EndProject
Project("{FAE04EC0-301F-11D3-BF4B-00C04F79EFBC}") = "ServerLibrary", "ServerLibrary\ServerLibrary.csproj", "{4898AF30-1B64-4D71-9FCA-F3144604FDDE}"
EndProject
Project("{FAE04EC0-301F-11D3-BF4B-00C04F79EFBC}") = "Server", "Server\Server.csproj", "{727773FF-BB20-4E15-9D12-82626E472078}"
EndProject
Project("{FAE04EC0-301F-11D3-BF4B-00C04F79EFBC}") = "WebClient", "WebClient\WebClient.csproj", "{F887133E-8E72-4358-8E15-5380C215992C}"
EndProject
Project("{FAE04EC0-301F-11D3-BF4B-00C04F79EFBC}") = "WPFClient", "WPFClient\WPFClient.csproj", "{7B4385CE-9DA7-4D3B-A139-A8E88C161B8E}"
EndProject
Global
	GlobalSection(SolutionConfigurationPlatforms) = preSolution
		Debug|Any CPU = Debug|Any CPU
		Release|Any CPU = Release|Any CPU
	EndGlobalSection
	GlobalSection(ProjectConfigurationPlatforms) = postSolution
		{B5906315-7AB7-4B21-83D4-5FD652129483}.Debug|Any CPU.ActiveCfg = Debug|Any CPU
		{B5906315-7AB7-4B21-83D4-5FD652129483}.Debug|Any CPU.Build.0 = Debug|Any CPU
		{B5906315-7AB7-4B21-83D4-5FD652129483}.Release|Any CPU.ActiveCfg = Release|Any CPU
		{B5906315-7AB7-4B21-83D4-5FD652129483}.Release|Any CPU.Build.0 = Release|Any CPU
		{4898AF30-1B64-4D71-9FCA-F3144604FDDE}.Debug|Any CPU.ActiveCfg = Debug|Any CPU
		{4898AF30-1B64-4D71-9FCA-F3144604FDDE}.Debug|Any CPU.Build.0 = Debug|Any CPU
		{4898AF30-1B64-4D71-9FCA-F3144604FDDE}.Release|Any CPU.ActiveCfg = Release|Any CPU
		{4898AF30-1B64-4D71-9FCA-F3144604FDDE}.Release|Any CPU.Build.0 = Release|Any CPU
		{727773FF-BB20-4E15-9D12-82626E472078}.Debug|Any CPU.ActiveCfg = Debug|Any CPU
		{727773FF-BB20-4E15-9D12-82626E472078}.Debug|Any CPU.Build.0 = Debug|Any CPU
		{727773FF-BB20-4E15-9D12-82626E472078}.Release|Any CPU.ActiveCfg = Release|Any CPU
		{727773FF-BB20-4E15-9D12-82626E472078}.Release|Any CPU.Build.0 = Release|Any CPU
		{F887133E-8E72-4358-8E15-5380C215992C}.Debug|Any CPU.ActiveCfg = Debug|Any CPU
		{F887133E-8E72-4358-8E15-5380C215992C}.Debug|Any CPU.Build.0 = Debug|Any CPU
		{F887133E-8E72-4358-8E15-5380C215992C}.Release|Any CPU.ActiveCfg = Release|Any CPU
		{F887133E-8E72-4358-8E15-5380C215992C}.Release|Any CPU.Build.0 = Release|Any CPU
		{7B4385CE-9DA7-4D3B-A139-A8E88C161B8E}.Debug|Any CPU.ActiveCfg = Debug|Any CPU
		{7B4385CE-9DA7-4D3B-A139-A8E88C161B8E}.Debug|Any CPU.Build.0 = Debug|Any CPU
		{7B4385CE-9DA7-4D3B-A139-A8E88C161B8E}.Release|Any CPU.ActiveCfg = Release|Any CPU
		{7B4385CE-9DA7-4D3B-A139-A8E88C161B8E}.Release|Any CPU.Build.0 = Release|Any CPU
	EndGlobalSection
	GlobalSection(SolutionProperties) = preSolution
		HideSolutionNode = FALSE
	EndGlobalSection
	GlobalSection(ExtensibilityGlobals) = postSolution
		SolutionGuid = {C6074A25-B2F5-488A-96DC-4489D7E65CF5}
	EndGlobalSection
EndGlobal
